
Microsoft Visual Studio Solution File, Format Version 12.00
# Visual Studio Version 16
VisualStudioVersion = 16.0.30523.141
MinimumVisualStudioVersion = 10.0.40219.1
Project("{FAE04EC0-301F-11D3-BF4B-00C04F79EFBC}") = "Controller", "Controller\Controller.csproj", "{BF222A53-E614-4531-BDB4-FC0C3829F63E}"
EndProject
Project("{FAE04EC0-301F-11D3-BF4B-00C04F79EFBC}") = "Model", "View\Model.csproj", "{DC166403-3235-4325-831A-81169CAFFBA5}"
EndProject
Global
	GlobalSection(SolutionConfigurationPlatforms) = preSolution
		Debug|Any CPU = Debug|Any CPU
		Release|Any CPU = Release|Any CPU
	EndGlobalSection
	GlobalSection(ProjectConfigurationPlatforms) = postSolution
		{BF222A53-E614-4531-BDB4-FC0C3829F63E}.Debug|Any CPU.ActiveCfg = Debug|Any CPU
		{BF222A53-E614-4531-BDB4-FC0C3829F63E}.Debug|Any CPU.Build.0 = Debug|Any CPU
		{BF222A53-E614-4531-BDB4-FC0C3829F63E}.Release|Any CPU.ActiveCfg = Release|Any CPU
		{BF222A53-E614-4531-BDB4-FC0C3829F63E}.Release|Any CPU.Build.0 = Release|Any CPU
		{DC166403-3235-4325-831A-81169CAFFBA5}.Debug|Any CPU.ActiveCfg = Debug|Any CPU
		{DC166403-3235-4325-831A-81169CAFFBA5}.Debug|Any CPU.Build.0 = Debug|Any CPU
		{DC166403-3235-4325-831A-81169CAFFBA5}.Release|Any CPU.ActiveCfg = Release|Any CPU
		{DC166403-3235-4325-831A-81169CAFFBA5}.Release|Any CPU.Build.0 = Release|Any CPU
	EndGlobalSection
	GlobalSection(SolutionProperties) = preSolution
		HideSolutionNode = FALSE
	EndGlobalSection
	GlobalSection(ExtensibilityGlobals) = postSolution
		SolutionGuid = {18FE9C01-0DBB-4676-8D81-B69511B0F32F}
	EndGlobalSection
EndGlobal
